
Microsoft Visual Studio Solution File, Format Version 12.00
# Visual Studio 15
VisualStudioVersion = 15.0.26430.6
MinimumVisualStudioVersion = 10.0.40219.1
Project("{2150E333-8FDC-42A3-9474-1A3956D46DE8}") = "0 - Documentation", "0 - Documentation", "{72171582-B68D-4E7D-835F-79E98CD324B5}"
	ProjectSection(SolutionItems) = preProject
		README.md = README.md
	EndProjectSection
EndProject
Project("{2150E333-8FDC-42A3-9474-1A3956D46DE8}") = "1 - Presentation", "1 - Presentation", "{B181333E-0BCD-4DA0-8DD5-156D94E8F53A}"
EndProject
Project("{2150E333-8FDC-42A3-9474-1A3956D46DE8}") = "2 - Services", "2 - Services", "{1C2DE3A1-5FF4-43CF-A9A4-B5B6638C6BA4}"
EndProject
Project("{2150E333-8FDC-42A3-9474-1A3956D46DE8}") = "3 - Application", "3 - Application", "{9144E3A2-DFA1-4147-8EC9-91BF34DED91A}"
EndProject
Project("{2150E333-8FDC-42A3-9474-1A3956D46DE8}") = "4 - Domain", "4 - Domain", "{F71A0B23-554C-497D-8482-24677EFFF200}"
EndProject
Project("{2150E333-8FDC-42A3-9474-1A3956D46DE8}") = "5 - Infrastructure", "5 - Infrastructure", "{C9BF3682-3293-42A8-80DB-79AA4AAA8D64}"
EndProject
Project("{2150E333-8FDC-42A3-9474-1A3956D46DE8}") = "5.1 - Data", "5.1 - Data", "{80461E0D-2AC4-4D58-8832-5898ABD7207E}"
EndProject
Project("{2150E333-8FDC-42A3-9474-1A3956D46DE8}") = "5.2 - CrossCutting", "5.2 - CrossCutting", "{9170F397-9984-4B97-9AB7-08CE4F8BD833}"
EndProject
Project("{FAE04EC0-301F-11D3-BF4B-00C04F79EFBC}") = "RR.PedidoVendas.Domain", "src\RR.PedidoVendas.Domain\RR.PedidoVendas.Domain.csproj", "{DB52EDAA-0642-4D21-9366-B90C5BA17255}"
EndProject
Project("{FAE04EC0-301F-11D3-BF4B-00C04F79EFBC}") = "RR.PedidoVendas.Domain.Tests", "tests\RR.PedidoVendas.Domain.Tests\RR.PedidoVendas.Domain.Tests.csproj", "{A3D6093E-E861-46B7-99F9-B5A40F1DD93A}"
EndProject
Project("{FAE04EC0-301F-11D3-BF4B-00C04F79EFBC}") = "RR.PedidoVendas.Infrastructure.Data", "src\RR.PedidoVendas.Infrastructure.Data\RR.PedidoVendas.Infrastructure.Data.csproj", "{003B5355-1C4C-4BD4-8504-B5E11EB30E59}"
EndProject
Project("{FAE04EC0-301F-11D3-BF4B-00C04F79EFBC}") = "RR.PedidoVendas.Infrastructure.Data.CrossCutting.IoC", "src\RR.PedidoVendas.Infrastructure.Data.CrossCutting.IoC\RR.PedidoVendas.Infrastructure.Data.CrossCutting.IoC.csproj", "{5F61FB4B-5F66-4833-B934-ABE3C181B7A6}"
EndProject
Global
	GlobalSection(SolutionConfigurationPlatforms) = preSolution
		Debug|Any CPU = Debug|Any CPU
		Release|Any CPU = Release|Any CPU
	EndGlobalSection
	GlobalSection(ProjectConfigurationPlatforms) = postSolution
		{DB52EDAA-0642-4D21-9366-B90C5BA17255}.Debug|Any CPU.ActiveCfg = Debug|Any CPU
		{DB52EDAA-0642-4D21-9366-B90C5BA17255}.Debug|Any CPU.Build.0 = Debug|Any CPU
		{DB52EDAA-0642-4D21-9366-B90C5BA17255}.Release|Any CPU.ActiveCfg = Release|Any CPU
		{DB52EDAA-0642-4D21-9366-B90C5BA17255}.Release|Any CPU.Build.0 = Release|Any CPU
		{A3D6093E-E861-46B7-99F9-B5A40F1DD93A}.Debug|Any CPU.ActiveCfg = Debug|Any CPU
		{A3D6093E-E861-46B7-99F9-B5A40F1DD93A}.Debug|Any CPU.Build.0 = Debug|Any CPU
		{A3D6093E-E861-46B7-99F9-B5A40F1DD93A}.Release|Any CPU.ActiveCfg = Release|Any CPU
		{A3D6093E-E861-46B7-99F9-B5A40F1DD93A}.Release|Any CPU.Build.0 = Release|Any CPU
		{003B5355-1C4C-4BD4-8504-B5E11EB30E59}.Debug|Any CPU.ActiveCfg = Debug|Any CPU
		{003B5355-1C4C-4BD4-8504-B5E11EB30E59}.Debug|Any CPU.Build.0 = Debug|Any CPU
		{003B5355-1C4C-4BD4-8504-B5E11EB30E59}.Release|Any CPU.ActiveCfg = Release|Any CPU
		{003B5355-1C4C-4BD4-8504-B5E11EB30E59}.Release|Any CPU.Build.0 = Release|Any CPU
		{5F61FB4B-5F66-4833-B934-ABE3C181B7A6}.Debug|Any CPU.ActiveCfg = Debug|Any CPU
		{5F61FB4B-5F66-4833-B934-ABE3C181B7A6}.Debug|Any CPU.Build.0 = Debug|Any CPU
		{5F61FB4B-5F66-4833-B934-ABE3C181B7A6}.Release|Any CPU.ActiveCfg = Release|Any CPU
		{5F61FB4B-5F66-4833-B934-ABE3C181B7A6}.Release|Any CPU.Build.0 = Release|Any CPU
	EndGlobalSection
	GlobalSection(SolutionProperties) = preSolution
		HideSolutionNode = FALSE
	EndGlobalSection
	GlobalSection(NestedProjects) = preSolution
		{80461E0D-2AC4-4D58-8832-5898ABD7207E} = {C9BF3682-3293-42A8-80DB-79AA4AAA8D64}
		{9170F397-9984-4B97-9AB7-08CE4F8BD833} = {C9BF3682-3293-42A8-80DB-79AA4AAA8D64}
		{DB52EDAA-0642-4D21-9366-B90C5BA17255} = {F71A0B23-554C-497D-8482-24677EFFF200}
		{A3D6093E-E861-46B7-99F9-B5A40F1DD93A} = {F71A0B23-554C-497D-8482-24677EFFF200}
		{003B5355-1C4C-4BD4-8504-B5E11EB30E59} = {80461E0D-2AC4-4D58-8832-5898ABD7207E}
		{5F61FB4B-5F66-4833-B934-ABE3C181B7A6} = {9170F397-9984-4B97-9AB7-08CE4F8BD833}
	EndGlobalSection
EndGlobal
